
Microsoft Visual Studio Solution File, Format Version 12.00
# Visual Studio Version 16
VisualStudioVersion = 16.0.29009.5
MinimumVisualStudioVersion = 10.0.40219.1
Project("{FAE04EC0-301F-11D3-BF4B-00C04F79EFBC}") = "TietoSummerAcademyApp", "TietoSummerAcademyApp\TietoSummerAcademyApp.csproj", "{F9C32C23-B6DF-46AE-9E82-6DEF8EC911ED}"
EndProject
Global
	GlobalSection(SolutionConfigurationPlatforms) = preSolution
		Debug|Any CPU = Debug|Any CPU
		Release|Any CPU = Release|Any CPU
	EndGlobalSection
	GlobalSection(ProjectConfigurationPlatforms) = postSolution
		{F9C32C23-B6DF-46AE-9E82-6DEF8EC911ED}.Debug|Any CPU.ActiveCfg = Debug|Any CPU
		{F9C32C23-B6DF-46AE-9E82-6DEF8EC911ED}.Debug|Any CPU.Build.0 = Debug|Any CPU
		{F9C32C23-B6DF-46AE-9E82-6DEF8EC911ED}.Release|Any CPU.ActiveCfg = Release|Any CPU
		{F9C32C23-B6DF-46AE-9E82-6DEF8EC911ED}.Release|Any CPU.Build.0 = Release|Any CPU
	EndGlobalSection
	GlobalSection(SolutionProperties) = preSolution
		HideSolutionNode = FALSE
	EndGlobalSection
	GlobalSection(ExtensibilityGlobals) = postSolution
		SolutionGuid = {DF887E56-1459-4DA9-BF79-26060E0EFE3A}
	EndGlobalSection
EndGlobal
