
Microsoft Visual Studio Solution File, Format Version 12.00
# Visual Studio Version 16
VisualStudioVersion = 16.0.29123.88
MinimumVisualStudioVersion = 10.0.40219.1
Project("{9A19103F-16F7-4668-BE54-9A1E7A4F7556}") = "TietoFeedbackTool", "TietoFeedbackTool\TietoFeedbackTool.csproj", "{771A71B9-F0DE-43D6-9B2E-F5B4EE26B695}"
	ProjectSection(ProjectDependencies) = postProject
		{9D800C20-101D-4671-B60D-45779A399CCD} = {9D800C20-101D-4671-B60D-45779A399CCD}
		{10F1DB4D-8020-4588-91D5-54047C267EF2} = {10F1DB4D-8020-4588-91D5-54047C267EF2}
	EndProjectSection
EndProject
Project("{2150E333-8FDC-42A3-9474-1A3956D46DE8}") = "Core", "Core", "{254B99B1-A243-4355-90BA-E066E19B82E2}"
EndProject
Project("{2150E333-8FDC-42A3-9474-1A3956D46DE8}") = "Infrastructure", "Infrastructure", "{6AEB652A-D5D3-4215-B9ED-4805AE0B09FE}"
EndProject
Project("{2150E333-8FDC-42A3-9474-1A3956D46DE8}") = "Presentation", "Presentation", "{71A17F0C-CA16-4186-A780-5435D3280D1B}"
EndProject
Project("{9A19103F-16F7-4668-BE54-9A1E7A4F7556}") = "TietoFeedbackTool.Application", "TietoFeedbackTool.Application\TietoFeedbackTool.Application.csproj", "{10F1DB4D-8020-4588-91D5-54047C267EF2}"
	ProjectSection(ProjectDependencies) = postProject
		{9D800C20-101D-4671-B60D-45779A399CCD} = {9D800C20-101D-4671-B60D-45779A399CCD}
	EndProjectSection
EndProject
Project("{9A19103F-16F7-4668-BE54-9A1E7A4F7556}") = "TietoFeedbackTool.Domain", "TietoFeedbackTool.Domain\TietoFeedbackTool.Domain.csproj", "{9D800C20-101D-4671-B60D-45779A399CCD}"
EndProject
Project("{9A19103F-16F7-4668-BE54-9A1E7A4F7556}") = "TietoFeedbackTool.Infrastructure", "TietoFeedbackTool.Infrastructure\TietoFeedbackTool.Infrastructure.csproj", "{11F569B8-091B-4E18-B670-2F4F4E022E69}"
	ProjectSection(ProjectDependencies) = postProject
		{9D800C20-101D-4671-B60D-45779A399CCD} = {9D800C20-101D-4671-B60D-45779A399CCD}
		{10F1DB4D-8020-4588-91D5-54047C267EF2} = {10F1DB4D-8020-4588-91D5-54047C267EF2}
	EndProjectSection
EndProject
Project("{9A19103F-16F7-4668-BE54-9A1E7A4F7556}") = "TietoFeedbackTool.Persistence", "TietoFeedbackTool.Persistence\TietoFeedbackTool.Persistence.csproj", "{42628D9B-4F8C-4F57-AFED-42674DA5D2D2}"
	ProjectSection(ProjectDependencies) = postProject
		{9D800C20-101D-4671-B60D-45779A399CCD} = {9D800C20-101D-4671-B60D-45779A399CCD}
		{10F1DB4D-8020-4588-91D5-54047C267EF2} = {10F1DB4D-8020-4588-91D5-54047C267EF2}
	EndProjectSection
EndProject
Project("{2150E333-8FDC-42A3-9474-1A3956D46DE8}") = "Solution Items", "Solution Items", "{BF122C43-A591-4096-ACCE-BC627BB43635}"
	ProjectSection(SolutionItems) = preProject
		.editorconfig = .editorconfig
		ApiTests.postman_collection.json = ApiTests.postman_collection.json
		testDataAfterRefactor.json = testDataAfterRefactor.json
	EndProjectSection
EndProject
Project("{2150E333-8FDC-42A3-9474-1A3956D46DE8}") = "Test", "Test", "{9C19373B-A1F2-4AA9-A369-A033E8458E4A}"
EndProject
Project("{9A19103F-16F7-4668-BE54-9A1E7A4F7556}") = "TietoFeedbackTool.Test", "TietoFeedbackTool.Test\TietoFeedbackTool.Test.csproj", "{24BB5AC4-1F00-4B80-80A6-0990EC30F82C}"
EndProject
Project("{2150E333-8FDC-42A3-9474-1A3956D46DE8}") = "Documentation", "Documentation", "{25A812E4-A34D-485F-85D4-EBB5E23FFC83}"
	ProjectSection(SolutionItems) = preProject
		TietoFeedbackTool.Documentation\html\annotated.html = TietoFeedbackTool.Documentation\html\annotated.html
		TietoFeedbackTool.Documentation\html\annotated_dup.js = TietoFeedbackTool.Documentation\html\annotated_dup.js
		TietoFeedbackTool.Documentation\html\bc_s.png = TietoFeedbackTool.Documentation\html\bc_s.png
		TietoFeedbackTool.Documentation\html\bdwn.png = TietoFeedbackTool.Documentation\html\bdwn.png
		TietoFeedbackTool.Documentation\html\class_tieto_feedback_tool_1_1_controllers_1_1_account_controller-members.html = TietoFeedbackTool.Documentation\html\class_tieto_feedback_tool_1_1_controllers_1_1_account_controller-members.html
		TietoFeedbackTool.Documentation\html\class_tieto_feedback_tool_1_1_controllers_1_1_account_controller.html = TietoFeedbackTool.Documentation\html\class_tieto_feedback_tool_1_1_controllers_1_1_account_controller.html
		TietoFeedbackTool.Documentation\html\class_tieto_feedback_tool_1_1_controllers_1_1_account_controller.js = TietoFeedbackTool.Documentation\html\class_tieto_feedback_tool_1_1_controllers_1_1_account_controller.js
		TietoFeedbackTool.Documentation\html\class_tieto_feedback_tool_1_1_controllers_1_1_account_controller.png = TietoFeedbackTool.Documentation\html\class_tieto_feedback_tool_1_1_controllers_1_1_account_controller.png
		TietoFeedbackTool.Documentation\html\class_tieto_feedback_tool_1_1_controllers_1_1_answer_controller-members.html = TietoFeedbackTool.Documentation\html\class_tieto_feedback_tool_1_1_controllers_1_1_answer_controller-members.html
		TietoFeedbackTool.Documentation\html\class_tieto_feedback_tool_1_1_controllers_1_1_answer_controller.html = TietoFeedbackTool.Documentation\html\class_tieto_feedback_tool_1_1_controllers_1_1_answer_controller.html
		TietoFeedbackTool.Documentation\html\class_tieto_feedback_tool_1_1_controllers_1_1_answer_controller.js = TietoFeedbackTool.Documentation\html\class_tieto_feedback_tool_1_1_controllers_1_1_answer_controller.js
		TietoFeedbackTool.Documentation\html\class_tieto_feedback_tool_1_1_controllers_1_1_answer_controller.png = TietoFeedbackTool.Documentation\html\class_tieto_feedback_tool_1_1_controllers_1_1_answer_controller.png
		TietoFeedbackTool.Documentation\html\class_tieto_feedback_tool_1_1_controllers_1_1_survey_controller-members.html = TietoFeedbackTool.Documentation\html\class_tieto_feedback_tool_1_1_controllers_1_1_survey_controller-members.html
		TietoFeedbackTool.Documentation\html\class_tieto_feedback_tool_1_1_controllers_1_1_survey_controller.html = TietoFeedbackTool.Documentation\html\class_tieto_feedback_tool_1_1_controllers_1_1_survey_controller.html
		TietoFeedbackTool.Documentation\html\class_tieto_feedback_tool_1_1_controllers_1_1_survey_controller.js = TietoFeedbackTool.Documentation\html\class_tieto_feedback_tool_1_1_controllers_1_1_survey_controller.js
		TietoFeedbackTool.Documentation\html\class_tieto_feedback_tool_1_1_controllers_1_1_survey_controller.png = TietoFeedbackTool.Documentation\html\class_tieto_feedback_tool_1_1_controllers_1_1_survey_controller.png
		TietoFeedbackTool.Documentation\html\class_tieto_feedback_tool_1_1_domain_1_1_account-members.html = TietoFeedbackTool.Documentation\html\class_tieto_feedback_tool_1_1_domain_1_1_account-members.html
		TietoFeedbackTool.Documentation\html\class_tieto_feedback_tool_1_1_domain_1_1_account.html = TietoFeedbackTool.Documentation\html\class_tieto_feedback_tool_1_1_domain_1_1_account.html
		TietoFeedbackTool.Documentation\html\class_tieto_feedback_tool_1_1_domain_1_1_account.js = TietoFeedbackTool.Documentation\html\class_tieto_feedback_tool_1_1_domain_1_1_account.js
		TietoFeedbackTool.Documentation\html\class_tieto_feedback_tool_1_1_domain_1_1_puzzle_answer-members.html = TietoFeedbackTool.Documentation\html\class_tieto_feedback_tool_1_1_domain_1_1_puzzle_answer-members.html
		TietoFeedbackTool.Documentation\html\class_tieto_feedback_tool_1_1_domain_1_1_puzzle_answer.html = TietoFeedbackTool.Documentation\html\class_tieto_feedback_tool_1_1_domain_1_1_puzzle_answer.html
		TietoFeedbackTool.Documentation\html\class_tieto_feedback_tool_1_1_domain_1_1_puzzle_answer.js = TietoFeedbackTool.Documentation\html\class_tieto_feedback_tool_1_1_domain_1_1_puzzle_answer.js
		TietoFeedbackTool.Documentation\html\class_tieto_feedback_tool_1_1_domain_1_1_question-members.html = TietoFeedbackTool.Documentation\html\class_tieto_feedback_tool_1_1_domain_1_1_question-members.html
		TietoFeedbackTool.Documentation\html\class_tieto_feedback_tool_1_1_domain_1_1_question.html = TietoFeedbackTool.Documentation\html\class_tieto_feedback_tool_1_1_domain_1_1_question.html
		TietoFeedbackTool.Documentation\html\class_tieto_feedback_tool_1_1_domain_1_1_question.js = TietoFeedbackTool.Documentation\html\class_tieto_feedback_tool_1_1_domain_1_1_question.js
		TietoFeedbackTool.Documentation\html\class_tieto_feedback_tool_1_1_infrastructure_1_1_services_1_1_account_repository-members.html = TietoFeedbackTool.Documentation\html\class_tieto_feedback_tool_1_1_infrastructure_1_1_services_1_1_account_repository-members.html
		TietoFeedbackTool.Documentation\html\class_tieto_feedback_tool_1_1_infrastructure_1_1_services_1_1_account_repository.html = TietoFeedbackTool.Documentation\html\class_tieto_feedback_tool_1_1_infrastructure_1_1_services_1_1_account_repository.html
		TietoFeedbackTool.Documentation\html\class_tieto_feedback_tool_1_1_infrastructure_1_1_services_1_1_account_repository.js = TietoFeedbackTool.Documentation\html\class_tieto_feedback_tool_1_1_infrastructure_1_1_services_1_1_account_repository.js
		TietoFeedbackTool.Documentation\html\class_tieto_feedback_tool_1_1_infrastructure_1_1_services_1_1_account_repository.png = TietoFeedbackTool.Documentation\html\class_tieto_feedback_tool_1_1_infrastructure_1_1_services_1_1_account_repository.png
		TietoFeedbackTool.Documentation\html\class_tieto_feedback_tool_1_1_infrastructure_1_1_services_1_1_puzzle_answer_repository-members.html = TietoFeedbackTool.Documentation\html\class_tieto_feedback_tool_1_1_infrastructure_1_1_services_1_1_puzzle_answer_repository-members.html
		TietoFeedbackTool.Documentation\html\class_tieto_feedback_tool_1_1_infrastructure_1_1_services_1_1_puzzle_answer_repository.html = TietoFeedbackTool.Documentation\html\class_tieto_feedback_tool_1_1_infrastructure_1_1_services_1_1_puzzle_answer_repository.html
		TietoFeedbackTool.Documentation\html\class_tieto_feedback_tool_1_1_infrastructure_1_1_services_1_1_puzzle_answer_repository.js = TietoFeedbackTool.Documentation\html\class_tieto_feedback_tool_1_1_infrastructure_1_1_services_1_1_puzzle_answer_repository.js
		TietoFeedbackTool.Documentation\html\class_tieto_feedback_tool_1_1_infrastructure_1_1_services_1_1_puzzle_answer_repository.png = TietoFeedbackTool.Documentation\html\class_tieto_feedback_tool_1_1_infrastructure_1_1_services_1_1_puzzle_answer_repository.png
		TietoFeedbackTool.Documentation\html\class_tieto_feedback_tool_1_1_infrastructure_1_1_services_1_1_question_repository-members.html = TietoFeedbackTool.Documentation\html\class_tieto_feedback_tool_1_1_infrastructure_1_1_services_1_1_question_repository-members.html
		TietoFeedbackTool.Documentation\html\class_tieto_feedback_tool_1_1_infrastructure_1_1_services_1_1_question_repository.html = TietoFeedbackTool.Documentation\html\class_tieto_feedback_tool_1_1_infrastructure_1_1_services_1_1_question_repository.html
		TietoFeedbackTool.Documentation\html\class_tieto_feedback_tool_1_1_infrastructure_1_1_services_1_1_question_repository.js = TietoFeedbackTool.Documentation\html\class_tieto_feedback_tool_1_1_infrastructure_1_1_services_1_1_question_repository.js
		TietoFeedbackTool.Documentation\html\class_tieto_feedback_tool_1_1_infrastructure_1_1_services_1_1_question_repository.png = TietoFeedbackTool.Documentation\html\class_tieto_feedback_tool_1_1_infrastructure_1_1_services_1_1_question_repository.png
		TietoFeedbackTool.Documentation\html\class_tieto_feedback_tool_1_1_infrastructure_1_1_services_1_1_repository-members.html = TietoFeedbackTool.Documentation\html\class_tieto_feedback_tool_1_1_infrastructure_1_1_services_1_1_repository-members.html
		TietoFeedbackTool.Documentation\html\class_tieto_feedback_tool_1_1_infrastructure_1_1_services_1_1_repository.html = TietoFeedbackTool.Documentation\html\class_tieto_feedback_tool_1_1_infrastructure_1_1_services_1_1_repository.html
		TietoFeedbackTool.Documentation\html\class_tieto_feedback_tool_1_1_infrastructure_1_1_services_1_1_repository.js = TietoFeedbackTool.Documentation\html\class_tieto_feedback_tool_1_1_infrastructure_1_1_services_1_1_repository.js
		TietoFeedbackTool.Documentation\html\class_tieto_feedback_tool_1_1_infrastructure_1_1_services_1_1_repository.png = TietoFeedbackTool.Documentation\html\class_tieto_feedback_tool_1_1_infrastructure_1_1_services_1_1_repository.png
		TietoFeedbackTool.Documentation\html\class_tieto_feedback_tool_1_1_infrastructure_1_1_services_1_1_tracking_code_repository-members.html = TietoFeedbackTool.Documentation\html\class_tieto_feedback_tool_1_1_infrastructure_1_1_services_1_1_tracking_code_repository-members.html
		TietoFeedbackTool.Documentation\html\class_tieto_feedback_tool_1_1_infrastructure_1_1_services_1_1_tracking_code_repository.html = TietoFeedbackTool.Documentation\html\class_tieto_feedback_tool_1_1_infrastructure_1_1_services_1_1_tracking_code_repository.html
		TietoFeedbackTool.Documentation\html\class_tieto_feedback_tool_1_1_infrastructure_1_1_services_1_1_tracking_code_repository.js = TietoFeedbackTool.Documentation\html\class_tieto_feedback_tool_1_1_infrastructure_1_1_services_1_1_tracking_code_repository.js
		TietoFeedbackTool.Documentation\html\class_tieto_feedback_tool_1_1_infrastructure_1_1_services_1_1_tracking_code_repository.png = TietoFeedbackTool.Documentation\html\class_tieto_feedback_tool_1_1_infrastructure_1_1_services_1_1_tracking_code_repository.png
		TietoFeedbackTool.Documentation\html\class_tieto_feedback_tool_1_1_infrastructure_1_1_services_1_1_unit_of_work-members.html = TietoFeedbackTool.Documentation\html\class_tieto_feedback_tool_1_1_infrastructure_1_1_services_1_1_unit_of_work-members.html
		TietoFeedbackTool.Documentation\html\class_tieto_feedback_tool_1_1_infrastructure_1_1_services_1_1_unit_of_work.html = TietoFeedbackTool.Documentation\html\class_tieto_feedback_tool_1_1_infrastructure_1_1_services_1_1_unit_of_work.html
		TietoFeedbackTool.Documentation\html\class_tieto_feedback_tool_1_1_infrastructure_1_1_services_1_1_unit_of_work.js = TietoFeedbackTool.Documentation\html\class_tieto_feedback_tool_1_1_infrastructure_1_1_services_1_1_unit_of_work.js
		TietoFeedbackTool.Documentation\html\class_tieto_feedback_tool_1_1_infrastructure_1_1_services_1_1_unit_of_work.png = TietoFeedbackTool.Documentation\html\class_tieto_feedback_tool_1_1_infrastructure_1_1_services_1_1_unit_of_work.png
		TietoFeedbackTool.Documentation\html\class_tieto_feedback_tool_1_1_persistence_1_1_tieto_feedback_tool_context-members.html = TietoFeedbackTool.Documentation\html\class_tieto_feedback_tool_1_1_persistence_1_1_tieto_feedback_tool_context-members.html
		TietoFeedbackTool.Documentation\html\class_tieto_feedback_tool_1_1_persistence_1_1_tieto_feedback_tool_context.html = TietoFeedbackTool.Documentation\html\class_tieto_feedback_tool_1_1_persistence_1_1_tieto_feedback_tool_context.html
		TietoFeedbackTool.Documentation\html\class_tieto_feedback_tool_1_1_persistence_1_1_tieto_feedback_tool_context.js = TietoFeedbackTool.Documentation\html\class_tieto_feedback_tool_1_1_persistence_1_1_tieto_feedback_tool_context.js
		TietoFeedbackTool.Documentation\html\class_tieto_feedback_tool_1_1_persistence_1_1_tieto_feedback_tool_context.png = TietoFeedbackTool.Documentation\html\class_tieto_feedback_tool_1_1_persistence_1_1_tieto_feedback_tool_context.png
		TietoFeedbackTool.Documentation\html\classes.html = TietoFeedbackTool.Documentation\html\classes.html
		TietoFeedbackTool.Documentation\html\closed.png = TietoFeedbackTool.Documentation\html\closed.png
		TietoFeedbackTool.Documentation\html\dir_030da00d4fd83917738f4004192f9944.html = TietoFeedbackTool.Documentation\html\dir_030da00d4fd83917738f4004192f9944.html
		TietoFeedbackTool.Documentation\html\dir_061feffdb6a9bd3ed39d614bd4df233c.html = TietoFeedbackTool.Documentation\html\dir_061feffdb6a9bd3ed39d614bd4df233c.html
		TietoFeedbackTool.Documentation\html\dir_131206eb89f6b3eb4b4d1730f0707cab.html = TietoFeedbackTool.Documentation\html\dir_131206eb89f6b3eb4b4d1730f0707cab.html
		TietoFeedbackTool.Documentation\html\dir_1672b54b479e7ce71dd70e6135cacabc.html = TietoFeedbackTool.Documentation\html\dir_1672b54b479e7ce71dd70e6135cacabc.html
		TietoFeedbackTool.Documentation\html\dir_22a2cd68234f1e60a4dd5e4b0ff775ed.html = TietoFeedbackTool.Documentation\html\dir_22a2cd68234f1e60a4dd5e4b0ff775ed.html
		TietoFeedbackTool.Documentation\html\dir_36445615e5fc1622100360dd9702022a.html = TietoFeedbackTool.Documentation\html\dir_36445615e5fc1622100360dd9702022a.html
		TietoFeedbackTool.Documentation\html\dir_3e5e5533ab33da54dd3b4b4b73a2e0fd.html = TietoFeedbackTool.Documentation\html\dir_3e5e5533ab33da54dd3b4b4b73a2e0fd.html
		TietoFeedbackTool.Documentation\html\dir_51eaa3ffd17e83bbddc12d86197b358c.html = TietoFeedbackTool.Documentation\html\dir_51eaa3ffd17e83bbddc12d86197b358c.html
		TietoFeedbackTool.Documentation\html\dir_53499e1412ff866c93b3bb81a9497a1e.html = TietoFeedbackTool.Documentation\html\dir_53499e1412ff866c93b3bb81a9497a1e.html
		TietoFeedbackTool.Documentation\html\dir_5fabfa4f2ae47a32600081ddae610e16.html = TietoFeedbackTool.Documentation\html\dir_5fabfa4f2ae47a32600081ddae610e16.html
		TietoFeedbackTool.Documentation\html\dir_75000f22e9fd2bf351100af972829032.html = TietoFeedbackTool.Documentation\html\dir_75000f22e9fd2bf351100af972829032.html
		TietoFeedbackTool.Documentation\html\dir_83f11758c08d25b97a4f2eb5e2a6c053.html = TietoFeedbackTool.Documentation\html\dir_83f11758c08d25b97a4f2eb5e2a6c053.html
		TietoFeedbackTool.Documentation\html\dir_8c230bfb93ffeab2bf610494e9768550.html = TietoFeedbackTool.Documentation\html\dir_8c230bfb93ffeab2bf610494e9768550.html
		TietoFeedbackTool.Documentation\html\dir_9cb867d1d3cb51b2d5d082b82410a48f.html = TietoFeedbackTool.Documentation\html\dir_9cb867d1d3cb51b2d5d082b82410a48f.html
		TietoFeedbackTool.Documentation\html\dir_aa7028f20096caa71be9c43bd2f6b9a0.html = TietoFeedbackTool.Documentation\html\dir_aa7028f20096caa71be9c43bd2f6b9a0.html
		TietoFeedbackTool.Documentation\html\dir_aa743e3329150787e24261a48d9f0ed2.html = TietoFeedbackTool.Documentation\html\dir_aa743e3329150787e24261a48d9f0ed2.html
		TietoFeedbackTool.Documentation\html\dir_abb31773425ffcde6c5f482a0d707b6e.html = TietoFeedbackTool.Documentation\html\dir_abb31773425ffcde6c5f482a0d707b6e.html
		TietoFeedbackTool.Documentation\html\dir_b548c55ced3656a04b61bc1517b0f242.html = TietoFeedbackTool.Documentation\html\dir_b548c55ced3656a04b61bc1517b0f242.html
		TietoFeedbackTool.Documentation\html\dir_c63146fb49e389d3092cd3691dd7086c.html = TietoFeedbackTool.Documentation\html\dir_c63146fb49e389d3092cd3691dd7086c.html
		TietoFeedbackTool.Documentation\html\dir_cfe2b863f42daeddd632c7e642274634.html = TietoFeedbackTool.Documentation\html\dir_cfe2b863f42daeddd632c7e642274634.html
		TietoFeedbackTool.Documentation\html\dir_d042a33928ba6f8e9c0a177b5782a75a.html = TietoFeedbackTool.Documentation\html\dir_d042a33928ba6f8e9c0a177b5782a75a.html
		TietoFeedbackTool.Documentation\html\dir_e8a2863adf0130a12c87b781480056e9.html = TietoFeedbackTool.Documentation\html\dir_e8a2863adf0130a12c87b781480056e9.html
		TietoFeedbackTool.Documentation\html\dir_eb6cdf511e0a862a1c67da4dd75e0107.html = TietoFeedbackTool.Documentation\html\dir_eb6cdf511e0a862a1c67da4dd75e0107.html
		TietoFeedbackTool.Documentation\html\dir_ed946069a3d3d3070387e134351645ee.html = TietoFeedbackTool.Documentation\html\dir_ed946069a3d3d3070387e134351645ee.html
		TietoFeedbackTool.Documentation\html\doc.png = TietoFeedbackTool.Documentation\html\doc.png
		TietoFeedbackTool.Documentation\html\doxygen.css = TietoFeedbackTool.Documentation\html\doxygen.css
		TietoFeedbackTool.Documentation\html\doxygen.png = TietoFeedbackTool.Documentation\html\doxygen.png
		TietoFeedbackTool.Documentation\html\dynsections.js = TietoFeedbackTool.Documentation\html\dynsections.js
		TietoFeedbackTool.Documentation\html\folderclosed.png = TietoFeedbackTool.Documentation\html\folderclosed.png
		TietoFeedbackTool.Documentation\html\folderopen.png = TietoFeedbackTool.Documentation\html\folderopen.png
		TietoFeedbackTool.Documentation\html\functions.html = TietoFeedbackTool.Documentation\html\functions.html
		TietoFeedbackTool.Documentation\html\functions_func.html = TietoFeedbackTool.Documentation\html\functions_func.html
		TietoFeedbackTool.Documentation\html\hierarchy.html = TietoFeedbackTool.Documentation\html\hierarchy.html
		TietoFeedbackTool.Documentation\html\hierarchy.js = TietoFeedbackTool.Documentation\html\hierarchy.js
		TietoFeedbackTool.Documentation\html\index.html = TietoFeedbackTool.Documentation\html\index.html
		TietoFeedbackTool.Documentation\html\interface_tieto_feedback_tool_1_1_application_1_1_interfaces_1_1_i_account_repository-members.html = TietoFeedbackTool.Documentation\html\interface_tieto_feedback_tool_1_1_application_1_1_interfaces_1_1_i_account_repository-members.html
		TietoFeedbackTool.Documentation\html\interface_tieto_feedback_tool_1_1_application_1_1_interfaces_1_1_i_account_repository.html = TietoFeedbackTool.Documentation\html\interface_tieto_feedback_tool_1_1_application_1_1_interfaces_1_1_i_account_repository.html
		TietoFeedbackTool.Documentation\html\interface_tieto_feedback_tool_1_1_application_1_1_interfaces_1_1_i_account_repository.js = TietoFeedbackTool.Documentation\html\interface_tieto_feedback_tool_1_1_application_1_1_interfaces_1_1_i_account_repository.js
		TietoFeedbackTool.Documentation\html\interface_tieto_feedback_tool_1_1_application_1_1_interfaces_1_1_i_account_repository.png = TietoFeedbackTool.Documentation\html\interface_tieto_feedback_tool_1_1_application_1_1_interfaces_1_1_i_account_repository.png
		TietoFeedbackTool.Documentation\html\interface_tieto_feedback_tool_1_1_application_1_1_interfaces_1_1_i_puzzle_answer_repository-members.html = TietoFeedbackTool.Documentation\html\interface_tieto_feedback_tool_1_1_application_1_1_interfaces_1_1_i_puzzle_answer_repository-members.html
		TietoFeedbackTool.Documentation\html\interface_tieto_feedback_tool_1_1_application_1_1_interfaces_1_1_i_puzzle_answer_repository.html = TietoFeedbackTool.Documentation\html\interface_tieto_feedback_tool_1_1_application_1_1_interfaces_1_1_i_puzzle_answer_repository.html
		TietoFeedbackTool.Documentation\html\interface_tieto_feedback_tool_1_1_application_1_1_interfaces_1_1_i_puzzle_answer_repository.js = TietoFeedbackTool.Documentation\html\interface_tieto_feedback_tool_1_1_application_1_1_interfaces_1_1_i_puzzle_answer_repository.js
		TietoFeedbackTool.Documentation\html\interface_tieto_feedback_tool_1_1_application_1_1_interfaces_1_1_i_puzzle_answer_repository.png = TietoFeedbackTool.Documentation\html\interface_tieto_feedback_tool_1_1_application_1_1_interfaces_1_1_i_puzzle_answer_repository.png
		TietoFeedbackTool.Documentation\html\interface_tieto_feedback_tool_1_1_application_1_1_interfaces_1_1_i_question_repository-members.html = TietoFeedbackTool.Documentation\html\interface_tieto_feedback_tool_1_1_application_1_1_interfaces_1_1_i_question_repository-members.html
		TietoFeedbackTool.Documentation\html\interface_tieto_feedback_tool_1_1_application_1_1_interfaces_1_1_i_question_repository.html = TietoFeedbackTool.Documentation\html\interface_tieto_feedback_tool_1_1_application_1_1_interfaces_1_1_i_question_repository.html
		TietoFeedbackTool.Documentation\html\interface_tieto_feedback_tool_1_1_application_1_1_interfaces_1_1_i_question_repository.js = TietoFeedbackTool.Documentation\html\interface_tieto_feedback_tool_1_1_application_1_1_interfaces_1_1_i_question_repository.js
		TietoFeedbackTool.Documentation\html\interface_tieto_feedback_tool_1_1_application_1_1_interfaces_1_1_i_question_repository.png = TietoFeedbackTool.Documentation\html\interface_tieto_feedback_tool_1_1_application_1_1_interfaces_1_1_i_question_repository.png
		TietoFeedbackTool.Documentation\html\interface_tieto_feedback_tool_1_1_application_1_1_interfaces_1_1_i_repository-members.html = TietoFeedbackTool.Documentation\html\interface_tieto_feedback_tool_1_1_application_1_1_interfaces_1_1_i_repository-members.html
		TietoFeedbackTool.Documentation\html\interface_tieto_feedback_tool_1_1_application_1_1_interfaces_1_1_i_repository.html = TietoFeedbackTool.Documentation\html\interface_tieto_feedback_tool_1_1_application_1_1_interfaces_1_1_i_repository.html
		TietoFeedbackTool.Documentation\html\interface_tieto_feedback_tool_1_1_application_1_1_interfaces_1_1_i_repository.js = TietoFeedbackTool.Documentation\html\interface_tieto_feedback_tool_1_1_application_1_1_interfaces_1_1_i_repository.js
		TietoFeedbackTool.Documentation\html\interface_tieto_feedback_tool_1_1_application_1_1_interfaces_1_1_i_repository.png = TietoFeedbackTool.Documentation\html\interface_tieto_feedback_tool_1_1_application_1_1_interfaces_1_1_i_repository.png
		TietoFeedbackTool.Documentation\html\interface_tieto_feedback_tool_1_1_application_1_1_interfaces_1_1_i_tieto_feedback_tool_context-members.html = TietoFeedbackTool.Documentation\html\interface_tieto_feedback_tool_1_1_application_1_1_interfaces_1_1_i_tieto_feedback_tool_context-members.html
		TietoFeedbackTool.Documentation\html\interface_tieto_feedback_tool_1_1_application_1_1_interfaces_1_1_i_tieto_feedback_tool_context.html = TietoFeedbackTool.Documentation\html\interface_tieto_feedback_tool_1_1_application_1_1_interfaces_1_1_i_tieto_feedback_tool_context.html
		TietoFeedbackTool.Documentation\html\interface_tieto_feedback_tool_1_1_application_1_1_interfaces_1_1_i_tieto_feedback_tool_context.js = TietoFeedbackTool.Documentation\html\interface_tieto_feedback_tool_1_1_application_1_1_interfaces_1_1_i_tieto_feedback_tool_context.js
		TietoFeedbackTool.Documentation\html\interface_tieto_feedback_tool_1_1_application_1_1_interfaces_1_1_i_tieto_feedback_tool_context.png = TietoFeedbackTool.Documentation\html\interface_tieto_feedback_tool_1_1_application_1_1_interfaces_1_1_i_tieto_feedback_tool_context.png
		TietoFeedbackTool.Documentation\html\interface_tieto_feedback_tool_1_1_application_1_1_interfaces_1_1_i_tracking_code_repository-members.html = TietoFeedbackTool.Documentation\html\interface_tieto_feedback_tool_1_1_application_1_1_interfaces_1_1_i_tracking_code_repository-members.html
		TietoFeedbackTool.Documentation\html\interface_tieto_feedback_tool_1_1_application_1_1_interfaces_1_1_i_tracking_code_repository.html = TietoFeedbackTool.Documentation\html\interface_tieto_feedback_tool_1_1_application_1_1_interfaces_1_1_i_tracking_code_repository.html
		TietoFeedbackTool.Documentation\html\interface_tieto_feedback_tool_1_1_application_1_1_interfaces_1_1_i_tracking_code_repository.js = TietoFeedbackTool.Documentation\html\interface_tieto_feedback_tool_1_1_application_1_1_interfaces_1_1_i_tracking_code_repository.js
		TietoFeedbackTool.Documentation\html\interface_tieto_feedback_tool_1_1_application_1_1_interfaces_1_1_i_tracking_code_repository.png = TietoFeedbackTool.Documentation\html\interface_tieto_feedback_tool_1_1_application_1_1_interfaces_1_1_i_tracking_code_repository.png
		TietoFeedbackTool.Documentation\html\interface_tieto_feedback_tool_1_1_application_1_1_interfaces_1_1_i_unit_of_work-members.html = TietoFeedbackTool.Documentation\html\interface_tieto_feedback_tool_1_1_application_1_1_interfaces_1_1_i_unit_of_work-members.html
		TietoFeedbackTool.Documentation\html\interface_tieto_feedback_tool_1_1_application_1_1_interfaces_1_1_i_unit_of_work.html = TietoFeedbackTool.Documentation\html\interface_tieto_feedback_tool_1_1_application_1_1_interfaces_1_1_i_unit_of_work.html
		TietoFeedbackTool.Documentation\html\interface_tieto_feedback_tool_1_1_application_1_1_interfaces_1_1_i_unit_of_work.js = TietoFeedbackTool.Documentation\html\interface_tieto_feedback_tool_1_1_application_1_1_interfaces_1_1_i_unit_of_work.js
		TietoFeedbackTool.Documentation\html\interface_tieto_feedback_tool_1_1_application_1_1_interfaces_1_1_i_unit_of_work.png = TietoFeedbackTool.Documentation\html\interface_tieto_feedback_tool_1_1_application_1_1_interfaces_1_1_i_unit_of_work.png
		TietoFeedbackTool.Documentation\html\jquery.js = TietoFeedbackTool.Documentation\html\jquery.js
		TietoFeedbackTool.Documentation\html\menu.js = TietoFeedbackTool.Documentation\html\menu.js
		TietoFeedbackTool.Documentation\html\menudata.js = TietoFeedbackTool.Documentation\html\menudata.js
		TietoFeedbackTool.Documentation\html\namespace_tieto_feedback_tool.html = TietoFeedbackTool.Documentation\html\namespace_tieto_feedback_tool.html
		TietoFeedbackTool.Documentation\html\namespace_tieto_feedback_tool.js = TietoFeedbackTool.Documentation\html\namespace_tieto_feedback_tool.js
		TietoFeedbackTool.Documentation\html\namespace_tieto_feedback_tool_1_1_application.html = TietoFeedbackTool.Documentation\html\namespace_tieto_feedback_tool_1_1_application.html
		TietoFeedbackTool.Documentation\html\namespace_tieto_feedback_tool_1_1_application.js = TietoFeedbackTool.Documentation\html\namespace_tieto_feedback_tool_1_1_application.js
		TietoFeedbackTool.Documentation\html\namespace_tieto_feedback_tool_1_1_application_1_1_interfaces.html = TietoFeedbackTool.Documentation\html\namespace_tieto_feedback_tool_1_1_application_1_1_interfaces.html
		TietoFeedbackTool.Documentation\html\namespace_tieto_feedback_tool_1_1_application_1_1_interfaces.js = TietoFeedbackTool.Documentation\html\namespace_tieto_feedback_tool_1_1_application_1_1_interfaces.js
		TietoFeedbackTool.Documentation\html\namespace_tieto_feedback_tool_1_1_controllers.html = TietoFeedbackTool.Documentation\html\namespace_tieto_feedback_tool_1_1_controllers.html
		TietoFeedbackTool.Documentation\html\namespace_tieto_feedback_tool_1_1_controllers.js = TietoFeedbackTool.Documentation\html\namespace_tieto_feedback_tool_1_1_controllers.js
		TietoFeedbackTool.Documentation\html\namespace_tieto_feedback_tool_1_1_domain.html = TietoFeedbackTool.Documentation\html\namespace_tieto_feedback_tool_1_1_domain.html
		TietoFeedbackTool.Documentation\html\namespace_tieto_feedback_tool_1_1_domain.js = TietoFeedbackTool.Documentation\html\namespace_tieto_feedback_tool_1_1_domain.js
		TietoFeedbackTool.Documentation\html\namespace_tieto_feedback_tool_1_1_infrastructure.html = TietoFeedbackTool.Documentation\html\namespace_tieto_feedback_tool_1_1_infrastructure.html
		TietoFeedbackTool.Documentation\html\namespace_tieto_feedback_tool_1_1_infrastructure.js = TietoFeedbackTool.Documentation\html\namespace_tieto_feedback_tool_1_1_infrastructure.js
		TietoFeedbackTool.Documentation\html\namespace_tieto_feedback_tool_1_1_infrastructure_1_1_services.html = TietoFeedbackTool.Documentation\html\namespace_tieto_feedback_tool_1_1_infrastructure_1_1_services.html
		TietoFeedbackTool.Documentation\html\namespace_tieto_feedback_tool_1_1_infrastructure_1_1_services.js = TietoFeedbackTool.Documentation\html\namespace_tieto_feedback_tool_1_1_infrastructure_1_1_services.js
		TietoFeedbackTool.Documentation\html\namespace_tieto_feedback_tool_1_1_persistence.html = TietoFeedbackTool.Documentation\html\namespace_tieto_feedback_tool_1_1_persistence.html
		TietoFeedbackTool.Documentation\html\namespace_tieto_feedback_tool_1_1_persistence.js = TietoFeedbackTool.Documentation\html\namespace_tieto_feedback_tool_1_1_persistence.js
		TietoFeedbackTool.Documentation\html\nav_f.png = TietoFeedbackTool.Documentation\html\nav_f.png
		TietoFeedbackTool.Documentation\html\nav_g.png = TietoFeedbackTool.Documentation\html\nav_g.png
		TietoFeedbackTool.Documentation\html\nav_h.png = TietoFeedbackTool.Documentation\html\nav_h.png
		TietoFeedbackTool.Documentation\html\navtree.css = TietoFeedbackTool.Documentation\html\navtree.css
		TietoFeedbackTool.Documentation\html\navtree.js = TietoFeedbackTool.Documentation\html\navtree.js
		TietoFeedbackTool.Documentation\html\navtreedata.js = TietoFeedbackTool.Documentation\html\navtreedata.js
		TietoFeedbackTool.Documentation\html\navtreeindex0.js = TietoFeedbackTool.Documentation\html\navtreeindex0.js
		TietoFeedbackTool.Documentation\html\open.png = TietoFeedbackTool.Documentation\html\open.png
		TietoFeedbackTool.Documentation\html\resize.js = TietoFeedbackTool.Documentation\html\resize.js
		TietoFeedbackTool.Documentation\html\splitbar.png = TietoFeedbackTool.Documentation\html\splitbar.png
		TietoFeedbackTool.Documentation\html\sync_off.png = TietoFeedbackTool.Documentation\html\sync_off.png
		TietoFeedbackTool.Documentation\html\sync_on.png = TietoFeedbackTool.Documentation\html\sync_on.png
		TietoFeedbackTool.Documentation\html\tab_a.png = TietoFeedbackTool.Documentation\html\tab_a.png
		TietoFeedbackTool.Documentation\html\tab_b.png = TietoFeedbackTool.Documentation\html\tab_b.png
		TietoFeedbackTool.Documentation\html\tab_h.png = TietoFeedbackTool.Documentation\html\tab_h.png
		TietoFeedbackTool.Documentation\html\tab_s.png = TietoFeedbackTool.Documentation\html\tab_s.png
		TietoFeedbackTool.Documentation\html\tabs.css = TietoFeedbackTool.Documentation\html\tabs.css
	EndProjectSection
EndProject
Global
	GlobalSection(SolutionConfigurationPlatforms) = preSolution
		Debug|Any CPU = Debug|Any CPU
		Release|Any CPU = Release|Any CPU
	EndGlobalSection
	GlobalSection(ProjectConfigurationPlatforms) = postSolution
		{771A71B9-F0DE-43D6-9B2E-F5B4EE26B695}.Debug|Any CPU.ActiveCfg = Debug|Any CPU
		{771A71B9-F0DE-43D6-9B2E-F5B4EE26B695}.Debug|Any CPU.Build.0 = Debug|Any CPU
		{771A71B9-F0DE-43D6-9B2E-F5B4EE26B695}.Release|Any CPU.ActiveCfg = Release|Any CPU
		{771A71B9-F0DE-43D6-9B2E-F5B4EE26B695}.Release|Any CPU.Build.0 = Release|Any CPU
		{10F1DB4D-8020-4588-91D5-54047C267EF2}.Debug|Any CPU.ActiveCfg = Debug|Any CPU
		{10F1DB4D-8020-4588-91D5-54047C267EF2}.Debug|Any CPU.Build.0 = Debug|Any CPU
		{10F1DB4D-8020-4588-91D5-54047C267EF2}.Release|Any CPU.ActiveCfg = Release|Any CPU
		{10F1DB4D-8020-4588-91D5-54047C267EF2}.Release|Any CPU.Build.0 = Release|Any CPU
		{9D800C20-101D-4671-B60D-45779A399CCD}.Debug|Any CPU.ActiveCfg = Debug|Any CPU
		{9D800C20-101D-4671-B60D-45779A399CCD}.Debug|Any CPU.Build.0 = Debug|Any CPU
		{9D800C20-101D-4671-B60D-45779A399CCD}.Release|Any CPU.ActiveCfg = Release|Any CPU
		{9D800C20-101D-4671-B60D-45779A399CCD}.Release|Any CPU.Build.0 = Release|Any CPU
		{11F569B8-091B-4E18-B670-2F4F4E022E69}.Debug|Any CPU.ActiveCfg = Debug|Any CPU
		{11F569B8-091B-4E18-B670-2F4F4E022E69}.Debug|Any CPU.Build.0 = Debug|Any CPU
		{11F569B8-091B-4E18-B670-2F4F4E022E69}.Release|Any CPU.ActiveCfg = Release|Any CPU
		{11F569B8-091B-4E18-B670-2F4F4E022E69}.Release|Any CPU.Build.0 = Release|Any CPU
		{42628D9B-4F8C-4F57-AFED-42674DA5D2D2}.Debug|Any CPU.ActiveCfg = Debug|Any CPU
		{42628D9B-4F8C-4F57-AFED-42674DA5D2D2}.Debug|Any CPU.Build.0 = Debug|Any CPU
		{42628D9B-4F8C-4F57-AFED-42674DA5D2D2}.Release|Any CPU.ActiveCfg = Release|Any CPU
		{42628D9B-4F8C-4F57-AFED-42674DA5D2D2}.Release|Any CPU.Build.0 = Release|Any CPU
		{24BB5AC4-1F00-4B80-80A6-0990EC30F82C}.Debug|Any CPU.ActiveCfg = Debug|Any CPU
		{24BB5AC4-1F00-4B80-80A6-0990EC30F82C}.Debug|Any CPU.Build.0 = Debug|Any CPU
		{24BB5AC4-1F00-4B80-80A6-0990EC30F82C}.Release|Any CPU.ActiveCfg = Release|Any CPU
		{24BB5AC4-1F00-4B80-80A6-0990EC30F82C}.Release|Any CPU.Build.0 = Release|Any CPU
	EndGlobalSection
	GlobalSection(SolutionProperties) = preSolution
		HideSolutionNode = FALSE
	EndGlobalSection
	GlobalSection(NestedProjects) = preSolution
		{771A71B9-F0DE-43D6-9B2E-F5B4EE26B695} = {71A17F0C-CA16-4186-A780-5435D3280D1B}
		{10F1DB4D-8020-4588-91D5-54047C267EF2} = {254B99B1-A243-4355-90BA-E066E19B82E2}
		{9D800C20-101D-4671-B60D-45779A399CCD} = {254B99B1-A243-4355-90BA-E066E19B82E2}
		{11F569B8-091B-4E18-B670-2F4F4E022E69} = {6AEB652A-D5D3-4215-B9ED-4805AE0B09FE}
		{42628D9B-4F8C-4F57-AFED-42674DA5D2D2} = {6AEB652A-D5D3-4215-B9ED-4805AE0B09FE}
		{24BB5AC4-1F00-4B80-80A6-0990EC30F82C} = {9C19373B-A1F2-4AA9-A369-A033E8458E4A}
	EndGlobalSection
	GlobalSection(ExtensibilityGlobals) = postSolution
		SolutionGuid = {AC141C66-9AE3-42B0-A311-C7F21144CAAC}
	EndGlobalSection
EndGlobal
